Microsoft Visual Studio Solution File, Format Version 12.00
# Visual Studio Version 17
VisualStudioVersion = 17.5.2.0
MinimumVisualStudioVersion = 10.0.40219.1
Project("{FAE04EC0-301F-11D3-BF4B-00C04F79EFBC}") = "dotidentity", "dotidentity.csproj", "{ABAD3BA0-D50A-8A75-CAA0-6280E59E5064}"
EndProject
Global
	GlobalSection(SolutionConfigurationPlatforms) = preSolution
		Debug|Any CPU = Debug|Any CPU
		Release|Any CPU = Release|Any CPU
	EndGlobalSection
	GlobalSection(ProjectConfigurationPlatforms) = postSolution
		{ABAD3BA0-D50A-8A75-CAA0-6280E59E5064}.Debug|Any CPU.ActiveCfg = Debug|Any CPU
		{ABAD3BA0-D50A-8A75-CAA0-6280E59E5064}.Debug|Any CPU.Build.0 = Debug|Any CPU
		{ABAD3BA0-D50A-8A75-CAA0-6280E59E5064}.Release|Any CPU.ActiveCfg = Release|Any CPU
		{ABAD3BA0-D50A-8A75-CAA0-6280E59E5064}.Release|Any CPU.Build.0 = Release|Any CPU
	EndGlobalSection
	GlobalSection(SolutionProperties) = preSolution
		HideSolutionNode = FALSE
	EndGlobalSection
	GlobalSection(ExtensibilityGlobals) = postSolution
		SolutionGuid = {A90D9675-CB4D-42E8-9657-69BDB429BF40}
	EndGlobalSection
EndGlobal
